
Microsoft Visual Studio Solution File, Format Version 12.00
# Visual Studio 15
VisualStudioVersion = 15.0.28010.2046
MinimumVisualStudioVersion = 10.0.40219.1
Project("{FAE04EC0-301F-11D3-BF4B-00C04F79EFBC}") = "HBM.Web", "HBM.Web\HBM.Web.csproj", "{4DE06579-3991-4A6A-B572-D44AEFC0A6D4}"
EndProject
Global
	GlobalSection(SolutionConfigurationPlatforms) = preSolution
		Debug|Any CPU = Debug|Any CPU
		Release|Any CPU = Release|Any CPU
	EndGlobalSection
	GlobalSection(ProjectConfigurationPlatforms) = postSolution
		{4DE06579-3991-4A6A-B572-D44AEFC0A6D4}.Debug|Any CPU.ActiveCfg = Debug|Any CPU
		{4DE06579-3991-4A6A-B572-D44AEFC0A6D4}.Debug|Any CPU.Build.0 = Debug|Any CPU
		{4DE06579-3991-4A6A-B572-D44AEFC0A6D4}.Release|Any CPU.ActiveCfg = Release|Any CPU
		{4DE06579-3991-4A6A-B572-D44AEFC0A6D4}.Release|Any CPU.Build.0 = Release|Any CPU
	EndGlobalSection
	GlobalSection(SolutionProperties) = preSolution
		HideSolutionNode = FALSE
	EndGlobalSection
	GlobalSection(ExtensibilityGlobals) = postSolution
		SolutionGuid = {F84DBACD-7F90-4AF6-8362-DD624EA1CC58}
	EndGlobalSection
EndGlobal
